// !$*UTF8*$!
{
	archiveVersion = 1;
	classes = {
	};
	objectVersion = 46;
	objects = {

/* Begin PBXBuildFile section */
		8CDF04D41AFA6B0B00CB0CB7 /* main.m in Sources */ = {isa = PBXBuildFile; fileRef = 8CDF04D31AFA6B0B00CB0CB7 /* main.m */; };
		8CDF04D71AFA6B0B00CB0CB7 /* AppDelegate.m in Sources */ = {isa = PBXBuildFile; fileRef = 8CDF04D61AFA6B0B00CB0CB7 /* AppDelegate.m */; };
		8CDF04DA1AFA6B0B00CB0CB7 /* ViewController.m in Sources */ = {isa = PBXBuildFile; fileRef = 8CDF04D91AFA6B0B00CB0CB7 /* ViewController.m */; };
		8CDF04DD1AFA6B0B00CB0CB7 /* Main.storyboard in Resources */ = {isa = PBXBuildFile; fileRef = 8CDF04DB1AFA6B0B00CB0CB7 /* Main.storyboard */; };
		8CDF04DF1AFA6B0B00CB0CB7 /* Images.xcassets in Resources */ = {isa = PBXBuildFile; fileRef = 8CDF04DE1AFA6B0B00CB0CB7 /* Images.xcassets */; };
		8CDF04E21AFA6B0B00CB0CB7 /* LaunchScreen.xib in Resources */ = {isa = PBXBuildFile; fileRef = 8CDF04E01AFA6B0B00CB0CB7 /* LaunchScreen.xib */; };
		8CDF04EE1AFA6B0B00CB0CB7 /* Stretch6Tests.m in Sources */ = {isa = PBXBuildFile; fileRef = 8CDF04ED1AFA6B0B00CB0CB7 /* Stretch6Tests.m */; };
/* End PBXBuildFile section */

/* Begin PBXContainerItemProxy section */
		8CDF04E81AFA6B0B00CB0CB7 /* PBXContainerItemProxy */ = {
			isa = PBXContainerItemProxy;
			containerPortal = 8CDF04C61AFA6B0B00CB0CB7 /* Project object */;
			proxyType = 1;
			remoteGlobalIDString = 8CDF04CD1AFA6B0B00CB0CB7;
			remoteInfo = Stretch6;
		};
/* End PBXContainerItemProxy section */

/* Begin PBXFileReference section */
		8CDF04CE1AFA6B0B00CB0CB7 /* Stretch6.app */ = {isa = PBXFileReference; explicitFileType = wrapper.application; includeInIndex = 0; path = Stretch6.app; sourceTree = BUILT_PRODUCTS_DIR; };
		8CDF04D21AFA6B0B00CB0CB7 /* Info.plist */ = {isa = PBXFileReference; lastKnownFileType = text.plist.xml; path = Info.plist; sourceTree = "<group>"; };
		8CDF04D31AFA6B0B00CB0CB7 /* main.m */ = {isa = PBXFileReference; lastKnownFileType = sourcecode.c.objc; path = main.m; sourceTree = "<group>"; };
		8CDF04D51AFA6B0B00CB0CB7 /* AppDelegate.h */ = {isa = PBXFileReference; lastKnownFileType = sourcecode.c.h; path = AppDelegate.h; sourceTree = "<group>"; };
		8CDF04D61AFA6B0B00CB0CB7 /* AppDelegate.m */ = {isa = PBXFileReference; lastKnownFileType = sourcecode.c.objc; path = AppDelegate.m; sourceTree = "<group>"; };
		8CDF04D81AFA6B0B00CB0CB7 /* ViewController.h */ = {isa = PBXFileReference; lastKnownFileType = sourcecode.c.h; path = ViewController.h; sourceTree = "<group>"; };
		8CDF04D91AFA6B0B00CB0CB7 /* ViewController.m */ = {isa = PBXFileReference; lastKnownFileType = sourcecode.c.objc; path = ViewController.m; sourceTree = "<group>"; };
		8CDF04DC1AFA6B0B00CB0CB7 /* Base */ = {isa = PBXFileReference; lastKnownFileType = file.storyboard; name = Base; path = Base.lproj/Main.storyboard; sourceTree = "<group>"; };
		8CDF04DE1AFA6B0B00CB0CB7 /* Images.xcassets */ = {isa = PBXFileReference; lastKnownFileType = folder.assetcatalog; path = Images.xcassets; sourceTree = "<group>"; };
		8CDF04E11AFA6B0B00CB0CB7 /* Base */ = {isa = PBXFileReference; lastKnownFileType = file.xib; name = Base; path = Base.lproj/LaunchScreen.xib; sourceTree = "<group>"; };
		8CDF04E71AFA6B0B00CB0CB7 /* Stretch6Tests.xctest */ = {isa = PBXFileReference; explicitFileType = wrapper.cfbundle; includeInIndex = 0; path = Stretch6Tests.xctest; sourceTree = BUILT_PRODUCTS_DIR; };
		8CDF04EC1AFA6B0B00CB0CB7 /* Info.plist */ = {isa = PBXFileReference; lastKnownFileType = text.plist.xml; path = Info.plist; sourceTree = "<group>"; };
		8CDF04ED1AFA6B0B00CB0CB7 /* Stretch6Tests.m */ = {isa = PBXFileReference; lastKnownFileType = sourcecode.c.objc; path = Stretch6Tests.m; sourceTree = "<group>"; };
/* End PBXFileReference section */

/* Begin PBXFrameworksBuildPhase section */
		8CDF04CB1AFA6B0B00CB0CB7 /* Frameworks */ = {
			isa = PBXFrameworksBuildPhase;
			buildActionMask = 2147483647;
			files = (
			);
			runOnlyForDeploymentPostprocessing = 0;
		};
		8CDF04E41AFA6B0B00CB0CB7 /* Frameworks */ = {
			isa = PBXFrameworksBuildPhase;
			buildActionMask = 2147483647;
			files = (
			);
			runOnlyForDeploymentPostprocessing = 0;
		};
/* End PBXFrameworksBuildPhase section */

/* Begin PBXGroup section */
		8CDF04C51AFA6B0B00CB0CB7 = {
			isa = PBXGroup;
			children = (
				8CDF04D01AFA6B0B00CB0CB7 /* Stretch6 */,
				8CDF04EA1AFA6B0B00CB0CB7 /* Stretch6Tests */,
				8CDF04CF1AFA6B0B00CB0CB7 /* Products */,
			);
			sourceTree = "<group>";
		};
		8CDF04CF1AFA6B0B00CB0CB7 /* Products */ = {
			isa = PBXGroup;
			children = (
				8CDF04CE1AFA6B0B00CB0CB7 /* Stretch6.app */,
				8CDF04E71AFA6B0B00CB0CB7 /* Stretch6Tests.xctest */,
			);
			name = Products;
			sourceTree = "<group>";
		};
		8CDF04D01AFA6B0B00CB0CB7 /* Stretch6 */ = {
			isa = PBXGroup;
			children = (
				8CDF04D51AFA6B0B00CB0CB7 /* AppDelegate.h */,
				8CDF04D61AFA6B0B00CB0CB7 /* AppDelegate.m */,
				8CDF04D81AFA6B0B00CB0CB7 /* ViewController.h */,
				8CDF04D91AFA6B0B00CB0CB7 /* ViewController.m */,
				8CDF04DB1AFA6B0B00CB0CB7 /* Main.storyboard */,
				8CDF04DE1AFA6B0B00CB0CB7 /* Images.xcassets */,
				8CDF04E01AFA6B0B00CB0CB7 /* LaunchScreen.xib */,
				8CDF04D11AFA6B0B00CB0CB7 /* Supporting Files */,
			);
			path = Stretch6;
			sourceTree = "<group>";
		};
		8CDF04D11AFA6B0B00CB0CB7 /* Supporting Files */ = {
			isa = PBXGroup;
			children = (
				8CDF04D21AFA6B0B00CB0CB7 /* Info.plist */,
				8CDF04D31AFA6B0B00CB0CB7 /* main.m */,
			);
			name = "Supporting Files";
			sourceTree = "<group>";
		};
		8CDF04EA1AFA6B0B00CB0CB7 /* Stretch6Tests */ = {
			isa = PBXGroup;
			children = (
				8CDF04ED1AFA6B0B00CB0CB7 /* Stretch6Tests.m */,
				8CDF04EB1AFA6B0B00CB0CB7 /* Supporting Files */,
			);
			path = Stretch6Tests;
			sourceTree = "<group>";
		};
		8CDF04EB1AFA6B0B00CB0CB7 /* Supporting Files */ = {
			isa = PBXGroup;
			children = (
				8CDF04EC1AFA6B0B00CB0CB7 /* Info.plist */,
			);
			name = "Supporting Files";
			sourceTree = "<group>";
		};
/* End PBXGroup section */

/* Begin PBXNativeTarget section */
		8CDF04CD1AFA6B0B00CB0CB7 /* Stretch6 */ = {
			isa = PBXNativeTarget;
			buildConfigurationList = 8CDF04F11AFA6B0B00CB0CB7 /* Build configuration list for PBXNativeTarget "Stretch6" */;
			buildPhases = (
				8CDF04CA1AFA6B0B00CB0CB7 /* Sources */,
				8CDF04CB1AFA6B0B00CB0CB7 /* Frameworks */,
				8CDF04CC1AFA6B0B00CB0CB7 /* Resources */,
			);
			buildRules = (
			);
			dependencies = (
			);
			name = Stretch6;
			productName = Stretch6;
			productReference = 8CDF04CE1AFA6B0B00CB0CB7 /* Stretch6.app */;
			productType = "com.apple.product-type.application";
		};
		8CDF04E61AFA6B0B00CB0CB7 /* Stretch6Tests */ = {
			isa = PBXNativeTarget;
			buildConfigurationList = 8CDF04F41AFA6B0B00CB0CB7 /* Build configuration list for PBXNativeTarget "Stretch6Tests" */;
			buildPhases = (
				8CDF04E31AFA6B0B00CB0CB7 /* Sources */,
				8CDF04E41AFA6B0B00CB0CB7 /* Frameworks */,
				8CDF04E51AFA6B0B00CB0CB7 /* Resources */,
			);
			buildRules = (
			);
			dependencies = (
				8CDF04E91AFA6B0B00CB0CB7 /* PBXTargetDependency */,
			);
			name = Stretch6Tests;
			productName = Stretch6Tests;
			productReference = 8CDF04E71AFA6B0B00CB0CB7 /* Stretch6Tests.xctest */;
			productType = "com.apple.product-type.bundle.unit-test";
		};
/* End PBXNativeTarget section */

/* Begin PBXProject section */
		8CDF04C61AFA6B0B00CB0CB7 /* Project object */ = {
			isa = PBXProject;
			attributes = {
				LastUpgradeCheck = 0630;
				ORGANIZATIONNAME = "Michael Sacks";
				TargetAttributes = {
					8CDF04CD1AFA6B0B00CB0CB7 = {
						CreatedOnToolsVersion = 6.3.1;
					};
					8CDF04E61AFA6B0B00CB0CB7 = {
						CreatedOnToolsVersion = 6.3.1;
						TestTargetID = 8CDF04CD1AFA6B0B00CB0CB7;
					};
				};
			};
			buildConfigurationList = 8CDF04C91AFA6B0B00CB0CB7 /* Build configuration list for PBXProject "Stretch6" */;
			compatibilityVersion = "Xcode 3.2";
			developmentRegion = English;
			hasScannedForEncodings = 0;
			knownRegions = (
				en,
				Base,
			);
			mainGroup = 8CDF04C51AFA6B0B00CB0CB7;
			productRefGroup = 8CDF04CF1AFA6B0B00CB0CB7 /* Products */;
			projectDirPath = "";
			projectRoot = "";
			targets = (
				8CDF04CD1AFA6B0B00CB0CB7 /* Stretch6 */,
				8CDF04E61AFA6B0B00CB0CB7 /* Stretch6Tests */,
			);
		};
/* End PBXProject section */

/* Begin PBXResourcesBuildPhase section */
		8CDF04CC1AFA6B0B00CB0CB7 /* Resources */ = {
			isa = PBXResourcesBuildPhase;
			buildActionMask = 2147483647;
			files = (
				8CDF04DD1AFA6B0B00CB0CB7 /* Main.storyboard in Resources */,
				8CDF04E21AFA6B0B00CB0CB7 /* LaunchScreen.xib in Resources */,
				8CDF04DF1AFA6B0B00CB0CB7 /* Images.xcassets in Resources */,
			);
			runOnlyForDeploymentPostprocessing = 0;
		};
		8CDF04E51AFA6B0B00CB0CB7 /* Resources */ = {
			isa = PBXResourcesBuildPhase;
			buildActionMask = 2147483647;
			files = (
			);
			runOnlyForDeploymentPostprocessing = 0;
		};
/* End PBXResourcesBuildPhase section */

/* Begin PBXSourcesBuildPhase section */
		8CDF04CA1AFA6B0B00CB0CB7 /* Sources */ = {
			isa = PBXSourcesBuildPhase;
			buildActionMask = 2147483647;
			files = (
				8CDF04DA1AFA6B0B00CB0CB7 /* ViewController.m in Sources */,
				8CDF04D71AFA6B0B00CB0CB7 /* AppDelegate.m in Sources */,
				8CDF04D41AFA6B0B00CB0CB7 /* main.m in Sources */,
			);
			runOnlyForDeploymentPostprocessing = 0;
		};
		8CDF04E31AFA6B0B00CB0CB7 /* Sources */ = {
			isa = PBXSourcesBuildPhase;
			buildActionMask = 2147483647;
			files = (
				8CDF04EE1AFA6B0B00CB0CB7 /* Stretch6Tests.m in Sources */,
			);
			runOnlyForDeploymentPostprocessing = 0;
		};
/* End PBXSourcesBuildPhase section */

/* Begin PBXTargetDependency section */
		8CDF04E91AFA6B0B00CB0CB7 /* PBXTargetDependency */ = {
			isa = PBXTargetDependency;
			target = 8CDF04CD1AFA6B0B00CB0CB7 /* Stretch6 */;
			targetProxy = 8CDF04E81AFA6B0B00CB0CB7 /* PBXContainerItemProxy */;
		};
/* End PBXTargetDependency section */

/* Begin PBXVariantGroup section */
		8CDF04DB1AFA6B0B00CB0CB7 /* Main.storyboard */ = {
			isa = PBXVariantGroup;
			children = (
				8CDF04DC1AFA6B0B00CB0CB7 /* Base */,
			);
			name = Main.storyboard;
			sourceTree = "<group>";
		};
		8CDF04E01AFA6B0B00CB0CB7 /* LaunchScreen.xib */ = {
			isa = PBXVariantGroup;
			children = (
				8CDF04E11AFA6B0B00CB0CB7 /* Base */,
			);
			name = LaunchScreen.xib;
			sourceTree = "<group>";
		};
/* End PBXVariantGroup section */

/* Begin XCBuildConfiguration section */
		8CDF04EF1AFA6B0B00CB0CB7 /* Debug */ = {
			isa = XCBuildConfiguration;
			buildSettings = {
				ALWAYS_SEARCH_USER_PATHS = NO;
				CLANG_CXX_LANGUAGE_STANDARD = "gnu++0x";
				CLANG_CXX_LIBRARY = "libc++";
				CLANG_ENABLE_MODULES = YES;
				CLANG_ENABLE_OBJC_ARC = YES;
				CLANG_WARN_BOOL_CONVERSION = YES;
				CLANG_WARN_CONSTANT_CONVERSION = YES;
				CLANG_WARN_DIRECT_OBJC_ISA_USAGE = YES_ERROR;
				CLANG_WARN_EMPTY_BODY = YES;
				CLANG_WARN_ENUM_CONVERSION = YES;
				CLANG_WARN_INT_CONVERSION = YES;
				CLANG_WARN_OBJC_ROOT_CLASS = YES_ERROR;
				CLANG_WARN_UNREACHABLE_CODE = YES;
				CLANG_WARN__DUPLICATE_METHOD_MATCH = YES;
				"CODE_SIGN_IDENTITY[sdk=iphoneos*]" = "iPhone Developer";
				COPY_PHASE_STRIP = NO;
				DEBUG_INFORMATION_FORMAT = "dwarf-with-dsym";
				ENABLE_STRICT_OBJC_MSGSEND = YES;
				GCC_C_LANGUAGE_STANDARD = gnu99;
				GCC_DYNAMIC_NO_PIC = NO;
				GCC_NO_COMMON_BLOCKS = YES;
				GCC_OPTIMIZATION_LEVEL = 0;
				GCC_PREPROCESSOR_DEFINITIONS = (
					"DEBUG=1",
					"$(inherited)",
				);
				GCC_SYMBOLS_PRIVATE_EXTERN = NO;
				GCC_WARN_64_TO_32_BIT_CONVERSION = YES;
				GCC_WARN_ABOUT_RETURN_TYPE = YES_ERROR;
				GCC_WARN_UNDECLARED_SELECTOR = YES;
				GCC_WARN_UNINITIALIZED_AUTOS = YES_AGGRESSIVE;
				GCC_WARN_UNUSED_FUNCTION = YES;
				GCC_WARN_UNUSED_VARIABLE = YES;
				IPHONEOS_DEPLOYMENT_TARGET = 8.3;
				MTL_ENABLE_DEBUG_INFO = YES;
				ONLY_ACTIVE_ARCH = YES;
				SDKROOT = iphoneos;
			};
			name = Debug;
		};
		8CDF04F01AFA6B0B00CB0CB7 /* Release */ = {
			isa = XCBuildConfiguration;
			buildSettings = {
				ALWAYS_SEARCH_USER_PATHS = NO;
				CLANG_CXX_LANGUAGE_STANDARD = "gnu++0x";
				CLANG_CXX_LIBRARY = "libc++";
				CLANG_ENABLE_MODULES = YES;
				CLANG_ENABLE_OBJC_ARC = YES;
				CLANG_WARN_BOOL_CONVERSION = YES;
				CLANG_WARN_CONSTANT_CONVERSION = YES;
				CLANG_WARN_DIRECT_OBJC_ISA_USAGE = YES_ERROR;
				CLANG_WARN_EMPTY_BODY = YES;
				CLANG_WARN_ENUM_CONVERSION = YES;
				CLANG_WARN_INT_CONVERSION = YES;
				CLANG_WARN_OBJC_ROOT_CLASS = YES_ERROR;
				CLANG_WARN_UNREACHABLE_CODE = YES;
				CLANG_WARN__DUPLICATE_METHOD_MATCH = YES;
				"CODE_SIGN_IDENTITY[sdk=iphoneos*]" = "iPhone Developer";
				COPY_PHASE_STRIP = NO;
				DEBUG_INFORMATION_FORMAT = "dwarf-with-dsym";
				ENABLE_NS_ASSERTIONS = NO;
				ENABLE_STRICT_OBJC_MSGSEND = YES;
				GCC_C_LANGUAGE_STANDARD = gnu99;
				GCC_NO_COMMON_BLOCKS = YES;
				GCC_WARN_64_TO_32_BIT_CONVERSION = YES;
				GCC_WARN_ABOUT_RETURN_TYPE = YES_ERROR;
				GCC_WARN_UNDECLARED_SELECTOR = YES;
				GCC_WARN_UNINITIALIZED_AUTOS = YES_AGGRESSIVE;
				GCC_WARN_UNUSED_FUNCTION = YES;
				GCC_WARN_UNUSED_VARIABLE = YES;
				IPHONEOS_DEPLOYMENT_TARGET = 8.3;
				MTL_ENABLE_DEBUG_INFO = NO;
				SDKROOT = iphoneos;
				VALIDATE_PRODUCT = YES;
			};
			name = Release;
		};
		8CDF04F21AFA6B0B00CB0CB7 /* Debug */ = {
			isa = XCBuildConfiguration;
			buildSettings = {
				ASSETCATALOG_COMPILER_APPICON_NAME = AppIcon;
				INFOPLIST_FILE = Stretch6/Info.plist;
				LD_RUNPATH_SEARCH_PATHS = "$(inherited) @executable_path/Frameworks";
				PRODUCT_NAME = "$(TARGET_NAME)";
			};
			name = Debug;
		};
		8CDF04F31AFA6B0B00CB0CB7 /* Release */ = {
			isa = XCBuildConfiguration;
			buildSettings = {
				ASSETCATALOG_COMPILER_APPICON_NAME = AppIcon;
				INFOPLIST_FILE = Stretch6/Info.plist;
				LD_RUNPATH_SEARCH_PATHS = "$(inherited) @executable_path/Frameworks";
				PRODUCT_NAME = "$(TARGET_NAME)";
			};
			name = Release;
		};
		8CDF04F51AFA6B0B00CB0CB7 /* Debug */ = {
			isa = XCBuildConfiguration;
			buildSettings = {
				BUNDLE_LOADER = "$(TEST_HOST)";
				FRAMEWORK_SEARCH_PATHS = (
					"$(SDKROOT)/Developer/Library/Frameworks",
					"$(inherited)",
				);
				GCC_PREPROCESSOR_DEFINITIONS = (
					"DEBUG=1",
					"$(inherited)",
				);
				INFOPLIST_FILE = Stretch6Tests/Info.plist;
				LD_RUNPATH_SEARCH_PATHS = "$(inherited) @executable_path/Frameworks @loader_path/Frameworks";
				PRODUCT_NAME = "$(TARGET_NAME)";
				TEST_HOST = "$(BUILT_PRODUCTS_DIR)/Stretch6.app/Stretch6";
			};
			name = Debug;
		};
		8CDF04F61AFA6B0B00CB0CB7 /* Release */ = {
			isa = XCBuildConfiguration;
			buildSettings = {
				BUNDLE_LOADER = "$(TEST_HOST)";
				FRAMEWORK_SEARCH_PATHS = (
					"$(SDKROOT)/Developer/Library/Frameworks",
					"$(inherited)",
				);
				INFOPLIST_FILE = Stretch6Tests/Info.plist;
				LD_RUNPATH_SEARCH_PATHS = "$(inherited) @executable_path/Frameworks @loader_path/Frameworks";
				PRODUCT_NAME = "$(TARGET_NAME)";
				TEST_HOST = "$(BUILT_PRODUCTS_DIR)/Stretch6.app/Stretch6";
			};
			name = Release;
		};
/* End XCBuildConfiguration section */

/* Begin XCConfigurationList section */
		8CDF04C91AFA6B0B00CB0CB7 /* Build configuration list for PBXProject "Stretch6" */ = {
			isa = XCConfigurationList;
			buildConfigurations = (
				8CDF04EF1AFA6B0B00CB0CB7 /* Debug */,
				8CDF04F01AFA6B0B00CB0CB7 /* Release */,
			);
			defaultConfigurationIsVisible = 0;
			defaultConfigurationName = Release;
		};
		8CDF04F11AFA6B0B00CB0CB7 /* Build configuration list for PBXNativeTarget "Stretch6" */ = {
			isa = XCConfigurationList;
			buildConfigurations = (
				8CDF04F21AFA6B0B00CB0CB7 /* Debug */,
				8CDF04F31AFA6B0B00CB0CB7 /* Release */,
			);
			defaultConfigurationIsVisible = 0;
		};
		8CDF04F41AFA6B0B00CB0CB7 /* Build configuration list for PBXNativeTarget "Stretch6Tests" */ = {
			isa = XCConfigurationList;
			buildConfigurations = (
				8CDF04F51AFA6B0B00CB0CB7 /* Debug */,
				8CDF04F61AFA6B0B00CB0CB7 /* Release */,
			);
			defaultConfigurationIsVisible = 0;
		};
/* End XCConfigurationList section */
	};
	rootObject = 8CDF04C61AFA6B0B00CB0CB7 /* Project object */;
}
